// !$*UTF8*$!
{
	archiveVersion = 1;
	classes = {
	};
	objectVersion = 55;
	objects = {

/* Begin PBXBuildFile section */
		1548757239730C21B99F1C9E /* Pods_POC_GithuActionTests.framework in Frameworks */ = {isa = PBXBuildFile; fileRef = CA9A84A79F4A9CECEEA59132 /* Pods_POC_GithuActionTests.framework */; };
		2FB0027D283CA14B0005D4C4 /* POC_GithuActionApp.swift in Sources */ = {isa = PBXBuildFile; fileRef = 2FB0027C283CA14B0005D4C4 /* POC_GithuActionApp.swift */; };
		2FB0027F283CA14B0005D4C4 /* ContentView.swift in Sources */ = {isa = PBXBuildFile; fileRef = 2FB0027E283CA14B0005D4C4 /* ContentView.swift */; };
		2FB00281283CA1550005D4C4 /* Assets.xcassets in Resources */ = {isa = PBXBuildFile; fileRef = 2FB00280283CA1550005D4C4 /* Assets.xcassets */; };
		2FB00284283CA1550005D4C4 /* Preview Assets.xcassets in Resources */ = {isa = PBXBuildFile; fileRef = 2FB00283283CA1550005D4C4 /* Preview Assets.xcassets */; };
		2FB0028E283CA1550005D4C4 /* POC_GithuActionTests.swift in Sources */ = {isa = PBXBuildFile; fileRef = 2FB0028D283CA1550005D4C4 /* POC_GithuActionTests.swift */; };
		2FB00298283CA1550005D4C4 /* POC_GithuActionUITests.swift in Sources */ = {isa = PBXBuildFile; fileRef = 2FB00297283CA1550005D4C4 /* POC_GithuActionUITests.swift */; };
		2FB0029A283CA1550005D4C4 /* POC_GithuActionUITestsLaunchTests.swift in Sources */ = {isa = PBXBuildFile; fileRef = 2FB00299283CA1550005D4C4 /* POC_GithuActionUITestsLaunchTests.swift */; };
		2FB002A9283CBB8A0005D4C4 /* ios.yml in Resources */ = {isa = PBXBuildFile; fileRef = 2FB002A8283CBB8A0005D4C4 /* ios.yml */; };
		3918F67E1FFBD4EB309FA94D /* Pods_POC_GithuAction.framework in Frameworks */ = {isa = PBXBuildFile; fileRef = 826C68D92528C98E39719D1C /* Pods_POC_GithuAction.framework */; };
		9E724FE207BBC104389A7E21 /* Pods_POC_GithuAction_POC_GithuActionUITests.framework in Frameworks */ = {isa = PBXBuildFile; fileRef = 69701D98844FE1E5A676A5BB /* Pods_POC_GithuAction_POC_GithuActionUITests.framework */; };
/* End PBXBuildFile section */

/* Begin PBXContainerItemProxy section */
		2FB0028A283CA1550005D4C4 /* PBXContainerItemProxy */ = {
			isa = PBXContainerItemProxy;
			containerPortal = 2FB00271283CA14B0005D4C4 /* Project object */;
			proxyType = 1;
			remoteGlobalIDString = 2FB00278283CA14B0005D4C4;
			remoteInfo = POC_GithuAction;
		};
		2FB00294283CA1550005D4C4 /* PBXContainerItemProxy */ = {
			isa = PBXContainerItemProxy;
			containerPortal = 2FB00271283CA14B0005D4C4 /* Project object */;
			proxyType = 1;
			remoteGlobalIDString = 2FB00278283CA14B0005D4C4;
			remoteInfo = POC_GithuAction;
		};
/* End PBXContainerItemProxy section */

/* Begin PBXFileReference section */
		03592CFC053E44D4744D9808 /* Pods-POC_GithuAction-POC_GithuActionUITests.debug.xcconfig */ = {isa = PBXFileReference; includeInIndex = 1; lastKnownFileType = text.xcconfig; name = "Pods-POC_GithuAction-POC_GithuActionUITests.debug.xcconfig"; path = "Target Support Files/Pods-POC_GithuAction-POC_GithuActionUITests/Pods-POC_GithuAction-POC_GithuActionUITests.debug.xcconfig"; sourceTree = "<group>"; };
		2106B3AD305CA8B0E87CF007 /* Pods-POC_GithuAction-POC_GithuActionUITests.release.xcconfig */ = {isa = PBXFileReference; includeInIndex = 1; lastKnownFileType = text.xcconfig; name = "Pods-POC_GithuAction-POC_GithuActionUITests.release.xcconfig"; path = "Target Support Files/Pods-POC_GithuAction-POC_GithuActionUITests/Pods-POC_GithuAction-POC_GithuActionUITests.release.xcconfig"; sourceTree = "<group>"; };
		2FB00279283CA14B0005D4C4 /* POC_GithuAction.app */ = {isa = PBXFileReference; explicitFileType = wrapper.application; includeInIndex = 0; path = POC_GithuAction.app; sourceTree = BUILT_PRODUCTS_DIR; };
		2FB0027C283CA14B0005D4C4 /* POC_GithuActionApp.swift */ = {isa = PBXFileReference; lastKnownFileType = sourcecode.swift; path = POC_GithuActionApp.swift; sourceTree = "<group>"; };
		2FB0027E283CA14B0005D4C4 /* ContentView.swift */ = {isa = PBXFileReference; lastKnownFileType = sourcecode.swift; path = ContentView.swift; sourceTree = "<group>"; };
		2FB00280283CA1550005D4C4 /* Assets.xcassets */ = {isa = PBXFileReference; lastKnownFileType = folder.assetcatalog; path = Assets.xcassets; sourceTree = "<group>"; };
		2FB00283283CA1550005D4C4 /* Preview Assets.xcassets */ = {isa = PBXFileReference; lastKnownFileType = folder.assetcatalog; path = "Preview Assets.xcassets"; sourceTree = "<group>"; };
		2FB00289283CA1550005D4C4 /* POC_GithuActionTests.xctest */ = {isa = PBXFileReference; explicitFileType = wrapper.cfbundle; includeInIndex = 0; path = POC_GithuActionTests.xctest; sourceTree = BUILT_PRODUCTS_DIR; };
		2FB0028D283CA1550005D4C4 /* POC_GithuActionTests.swift */ = {isa = PBXFileReference; lastKnownFileType = sourcecode.swift; path = POC_GithuActionTests.swift; sourceTree = "<group>"; };
		2FB00293283CA1550005D4C4 /* POC_GithuActionUITests.xctest */ = {isa = PBXFileReference; explicitFileType = wrapper.cfbundle; includeInIndex = 0; path = POC_GithuActionUITests.xctest; sourceTree = BUILT_PRODUCTS_DIR; };
		2FB00297283CA1550005D4C4 /* POC_GithuActionUITests.swift */ = {isa = PBXFileReference; lastKnownFileType = sourcecode.swift; path = POC_GithuActionUITests.swift; sourceTree = "<group>"; };
		2FB00299283CA1550005D4C4 /* POC_GithuActionUITestsLaunchTests.swift */ = {isa = PBXFileReference; lastKnownFileType = sourcecode.swift; path = POC_GithuActionUITestsLaunchTests.swift; sourceTree = "<group>"; };
		2FB002A8283CBB8A0005D4C4 /* ios.yml */ = {isa = PBXFileReference; fileEncoding = 4; lastKnownFileType = text.yaml; path = ios.yml; sourceTree = "<group>"; };
		3712886091F872ACB0360B18 /* Pods-POC_GithuActionTests.release.xcconfig */ = {isa = PBXFileReference; includeInIndex = 1; lastKnownFileType = text.xcconfig; name = "Pods-POC_GithuActionTests.release.xcconfig"; path = "Target Support Files/Pods-POC_GithuActionTests/Pods-POC_GithuActionTests.release.xcconfig"; sourceTree = "<group>"; };
		69701D98844FE1E5A676A5BB /* Pods_POC_GithuAction_POC_GithuActionUITests.framework */ = {isa = PBXFileReference; explicitFileType = wrapper.framework; includeInIndex = 0; path = Pods_POC_GithuAction_POC_GithuActionUITests.framework; sourceTree = BUILT_PRODUCTS_DIR; };
		7491EB4EF81587C259D78DBD /* Pods-POC_GithuAction.release.xcconfig */ = {isa = PBXFileReference; includeInIndex = 1; lastKnownFileType = text.xcconfig; name = "Pods-POC_GithuAction.release.xcconfig"; path = "Target Support Files/Pods-POC_GithuAction/Pods-POC_GithuAction.release.xcconfig"; sourceTree = "<group>"; };
		826C68D92528C98E39719D1C /* Pods_POC_GithuAction.framework */ = {isa = PBXFileReference; explicitFileType = wrapper.framework; includeInIndex = 0; path = Pods_POC_GithuAction.framework; sourceTree = BUILT_PRODUCTS_DIR; };
		9050EDA13F9AC3DE15B5B2AC /* Pods-POC_GithuAction.debug.xcconfig */ = {isa = PBXFileReference; includeInIndex = 1; lastKnownFileType = text.xcconfig; name = "Pods-POC_GithuAction.debug.xcconfig"; path = "Target Support Files/Pods-POC_GithuAction/Pods-POC_GithuAction.debug.xcconfig"; sourceTree = "<group>"; };
		CA9A84A79F4A9CECEEA59132 /* Pods_POC_GithuActionTests.framework */ = {isa = PBXFileReference; explicitFileType = wrapper.framework; includeInIndex = 0; path = Pods_POC_GithuActionTests.framework; sourceTree = BUILT_PRODUCTS_DIR; };
		E77DE2AB958E31F9F999B703 /* Pods-POC_GithuActionTests.debug.xcconfig */ = {isa = PBXFileReference; includeInIndex = 1; lastKnownFileType = text.xcconfig; name = "Pods-POC_GithuActionTests.debug.xcconfig"; path = "Target Support Files/Pods-POC_GithuActionTests/Pods-POC_GithuActionTests.debug.xcconfig"; sourceTree = "<group>"; };
/* End PBXFileReference section */

/* Begin PBXFrameworksBuildPhase section */
		2FB00276283CA14B0005D4C4 /* Frameworks */ = {
			isa = PBXFrameworksBuildPhase;
			buildActionMask = 2147483647;
			files = (
				3918F67E1FFBD4EB309FA94D /* Pods_POC_GithuAction.framework in Frameworks */,
			);
			runOnlyForDeploymentPostprocessing = 0;
		};
		2FB00286283CA1550005D4C4 /* Frameworks */ = {
			isa = PBXFrameworksBuildPhase;
			buildActionMask = 2147483647;
			files = (
				1548757239730C21B99F1C9E /* Pods_POC_GithuActionTests.framework in Frameworks */,
			);
			runOnlyForDeploymentPostprocessing = 0;
		};
		2FB00290283CA1550005D4C4 /* Frameworks */ = {
			isa = PBXFrameworksBuildPhase;
			buildActionMask = 2147483647;
			files = (
				9E724FE207BBC104389A7E21 /* Pods_POC_GithuAction_POC_GithuActionUITests.framework in Frameworks */,
			);
			runOnlyForDeploymentPostprocessing = 0;
		};
/* End PBXFrameworksBuildPhase section */

/* Begin PBXGroup section */
		2FB00270283CA14B0005D4C4 = {
			isa = PBXGroup;
			children = (
				2FB002A6283CBB8A0005D4C4 /* .github */,
				2FB0027B283CA14B0005D4C4 /* POC_GithuAction */,
				2FB0028C283CA1550005D4C4 /* POC_GithuActionTests */,
				2FB00296283CA1550005D4C4 /* POC_GithuActionUITests */,
				2FB0027A283CA14B0005D4C4 /* Products */,
				4EE0303ED563FA6D2C46CCED /* Pods */,
				8902119335C42A008DDE491A /* Frameworks */,
			);
			sourceTree = "<group>";
		};
		2FB0027A283CA14B0005D4C4 /* Products */ = {
			isa = PBXGroup;
			children = (
				2FB00279283CA14B0005D4C4 /* POC_GithuAction.app */,
				2FB00289283CA1550005D4C4 /* POC_GithuActionTests.xctest */,
				2FB00293283CA1550005D4C4 /* POC_GithuActionUITests.xctest */,
			);
			name = Products;
			sourceTree = "<group>";
		};
		2FB0027B283CA14B0005D4C4 /* POC_GithuAction */ = {
			isa = PBXGroup;
			children = (
				2FB0027C283CA14B0005D4C4 /* POC_GithuActionApp.swift */,
				2FB0027E283CA14B0005D4C4 /* ContentView.swift */,
				2FB00280283CA1550005D4C4 /* Assets.xcassets */,
				2FB00282283CA1550005D4C4 /* Preview Content */,
			);
			path = POC_GithuAction;
			sourceTree = "<group>";
		};
		2FB00282283CA1550005D4C4 /* Preview Content */ = {
			isa = PBXGroup;
			children = (
				2FB00283283CA1550005D4C4 /* Preview Assets.xcassets */,
			);
			path = "Preview Content";
			sourceTree = "<group>";
		};
		2FB0028C283CA1550005D4C4 /* POC_GithuActionTests */ = {
			isa = PBXGroup;
			children = (
				2FB0028D283CA1550005D4C4 /* POC_GithuActionTests.swift */,
			);
			path = POC_GithuActionTests;
			sourceTree = "<group>";
		};
		2FB00296283CA1550005D4C4 /* POC_GithuActionUITests */ = {
			isa = PBXGroup;
			children = (
				2FB00297283CA1550005D4C4 /* POC_GithuActionUITests.swift */,
				2FB00299283CA1550005D4C4 /* POC_GithuActionUITestsLaunchTests.swift */,
			);
			path = POC_GithuActionUITests;
			sourceTree = "<group>";
		};
		2FB002A6283CBB8A0005D4C4 /* .github */ = {
			isa = PBXGroup;
			children = (
				2FB002A7283CBB8A0005D4C4 /* workflows */,
			);
			path = .github;
			sourceTree = "<group>";
		};
		2FB002A7283CBB8A0005D4C4 /* workflows */ = {
			isa = PBXGroup;
			children = (
				2FB002A8283CBB8A0005D4C4 /* ios.yml */,
			);
			path = workflows;
			sourceTree = "<group>";
		};
		4EE0303ED563FA6D2C46CCED /* Pods */ = {
			isa = PBXGroup;
			children = (
				9050EDA13F9AC3DE15B5B2AC /* Pods-POC_GithuAction.debug.xcconfig */,
				7491EB4EF81587C259D78DBD /* Pods-POC_GithuAction.release.xcconfig */,
				03592CFC053E44D4744D9808 /* Pods-POC_GithuAction-POC_GithuActionUITests.debug.xcconfig */,
				2106B3AD305CA8B0E87CF007 /* Pods-POC_GithuAction-POC_GithuActionUITests.release.xcconfig */,
				E77DE2AB958E31F9F999B703 /* Pods-POC_GithuActionTests.debug.xcconfig */,
				3712886091F872ACB0360B18 /* Pods-POC_GithuActionTests.release.xcconfig */,
			);
			name = Pods;
			path = Pods;
			sourceTree = "<group>";
		};
		8902119335C42A008DDE491A /* Frameworks */ = {
			isa = PBXGroup;
			children = (
				826C68D92528C98E39719D1C /* Pods_POC_GithuAction.framework */,
				69701D98844FE1E5A676A5BB /* Pods_POC_GithuAction_POC_GithuActionUITests.framework */,
				CA9A84A79F4A9CECEEA59132 /* Pods_POC_GithuActionTests.framework */,
			);
			name = Frameworks;
			sourceTree = "<group>";
		};
/* End PBXGroup section */

/* Begin PBXNativeTarget section */
		2FB00278283CA14B0005D4C4 /* POC_GithuAction */ = {
			isa = PBXNativeTarget;
			buildConfigurationList = 2FB0029D283CA1550005D4C4 /* Build configuration list for PBXNativeTarget "POC_GithuAction" */;
			buildPhases = (
				25AF5ADBAF38F9794EFF832A /* [CP] Check Pods Manifest.lock */,
				2FB00275283CA14B0005D4C4 /* Sources */,
				2FB00276283CA14B0005D4C4 /* Frameworks */,
				2FB00277283CA14B0005D4C4 /* Resources */,
			);
			buildRules = (
			);
			dependencies = (
			);
			name = POC_GithuAction;
			productName = POC_GithuAction;
			productReference = 2FB00279283CA14B0005D4C4 /* POC_GithuAction.app */;
			productType = "com.apple.product-type.application";
		};
		2FB00288283CA1550005D4C4 /* POC_GithuActionTests */ = {
			isa = PBXNativeTarget;
			buildConfigurationList = 2FB002A0283CA1550005D4C4 /* Build configuration list for PBXNativeTarget "POC_GithuActionTests" */;
			buildPhases = (
				04A8860B1AA863628A41E3C7 /* [CP] Check Pods Manifest.lock */,
				2FB00285283CA1550005D4C4 /* Sources */,
				2FB00286283CA1550005D4C4 /* Frameworks */,
				2FB00287283CA1550005D4C4 /* Resources */,
			);
			buildRules = (
			);
			dependencies = (
				2FB0028B283CA1550005D4C4 /* PBXTargetDependency */,
			);
			name = POC_GithuActionTests;
			productName = POC_GithuActionTests;
			productReference = 2FB00289283CA1550005D4C4 /* POC_GithuActionTests.xctest */;
			productType = "com.apple.product-type.bundle.unit-test";
		};
		2FB00292283CA1550005D4C4 /* POC_GithuActionUITests */ = {
			isa = PBXNativeTarget;
			buildConfigurationList = 2FB002A3283CA1550005D4C4 /* Build configuration list for PBXNativeTarget "POC_GithuActionUITests" */;
			buildPhases = (
				D09BCD587A8AE26C6F74D536 /* [CP] Check Pods Manifest.lock */,
				2FB0028F283CA1550005D4C4 /* Sources */,
				2FB00290283CA1550005D4C4 /* Frameworks */,
				2FB00291283CA1550005D4C4 /* Resources */,
			);
			buildRules = (
			);
			dependencies = (
				2FB00295283CA1550005D4C4 /* PBXTargetDependency */,
			);
			name = POC_GithuActionUITests;
			productName = POC_GithuActionUITests;
			productReference = 2FB00293283CA1550005D4C4 /* POC_GithuActionUITests.xctest */;
			productType = "com.apple.product-type.bundle.ui-testing";
		};
/* End PBXNativeTarget section */

/* Begin PBXProject section */
		2FB00271283CA14B0005D4C4 /* Project object */ = {
			isa = PBXProject;
			attributes = {
				BuildIndependentTargetsInParallel = 1;
				LastSwiftUpdateCheck = 1340;
				LastUpgradeCheck = 1340;
				TargetAttributes = {
					2FB00278283CA14B0005D4C4 = {
						CreatedOnToolsVersion = 13.4;
					};
					2FB00288283CA1550005D4C4 = {
						CreatedOnToolsVersion = 13.4;
						TestTargetID = 2FB00278283CA14B0005D4C4;
					};
					2FB00292283CA1550005D4C4 = {
						CreatedOnToolsVersion = 13.4;
						TestTargetID = 2FB00278283CA14B0005D4C4;
					};
				};
			};
			buildConfigurationList = 2FB00274283CA14B0005D4C4 /* Build configuration list for PBXProject "POC_GithuAction" */;
			compatibilityVersion = "Xcode 13.0";
			developmentRegion = en;
			hasScannedForEncodings = 0;
			knownRegions = (
				en,
				Base,
			);
			mainGroup = 2FB00270283CA14B0005D4C4;
			productRefGroup = 2FB0027A283CA14B0005D4C4 /* Products */;
			projectDirPath = "";
			projectRoot = "";
			targets = (
				2FB00278283CA14B0005D4C4 /* POC_GithuAction */,
				2FB00288283CA1550005D4C4 /* POC_GithuActionTests */,
				2FB00292283CA1550005D4C4 /* POC_GithuActionUITests */,
			);
		};
/* End PBXProject section */

/* Begin PBXResourcesBuildPhase section */
		2FB00277283CA14B0005D4C4 /* Resources */ = {
			isa = PBXResourcesBuildPhase;
			buildActionMask = 2147483647;
			files = (
				2FB002A9283CBB8A0005D4C4 /* ios.yml in Resources */,
				2FB00284283CA1550005D4C4 /* Preview Assets.xcassets in Resources */,
				2FB00281283CA1550005D4C4 /* Assets.xcassets in Resources */,
			);
			runOnlyForDeploymentPostprocessing = 0;
		};
		2FB00287283CA1550005D4C4 /* Resources */ = {
			isa = PBXResourcesBuildPhase;
			buildActionMask = 2147483647;
			files = (
			);
			runOnlyForDeploymentPostprocessing = 0;
		};
		2FB00291283CA1550005D4C4 /* Resources */ = {
			isa = PBXResourcesBuildPhase;
			buildActionMask = 2147483647;
			files = (
			);
			runOnlyForDeploymentPostprocessing = 0;
		};
/* End PBXResourcesBuildPhase section */

/* Begin PBXShellScriptBuildPhase section */
		04A8860B1AA863628A41E3C7 /* [CP] Check Pods Manifest.lock */ = {
			isa = PBXShellScriptBuildPhase;
			buildActionMask = 2147483647;
			files = (
			);
			inputFileListPaths = (
			);
			inputPaths = (
				"${PODS_PODFILE_DIR_PATH}/Podfile.lock",
				"${PODS_ROOT}/Manifest.lock",
			);
			name = "[CP] Check Pods Manifest.lock";
			outputFileListPaths = (
			);
			outputPaths = (
				"$(DERIVED_FILE_DIR)/Pods-POC_GithuActionTests-checkManifestLockResult.txt",
			);
			runOnlyForDeploymentPostprocessing = 0;
			shellPath = /bin/sh;
			shellScript = "diff \"${PODS_PODFILE_DIR_PATH}/Podfile.lock\" \"${PODS_ROOT}/Manifest.lock\" > /dev/null\nif [ $? != 0 ] ; then\n    # print error to STDERR\n    echo \"error: The sandbox is not in sync with the Podfile.lock. Run 'pod install' or update your CocoaPods installation.\" >&2\n    exit 1\nfi\n# This output is used by Xcode 'outputs' to avoid re-running this script phase.\necho \"SUCCESS\" > \"${SCRIPT_OUTPUT_FILE_0}\"\n";
			showEnvVarsInLog = 0;
		};
		25AF5ADBAF38F9794EFF832A /* [CP] Check Pods Manifest.lock */ = {
			isa = PBXShellScriptBuildPhase;
			buildActionMask = 2147483647;
			files = (
			);
			inputFileListPaths = (
			);
			inputPaths = (
				"${PODS_PODFILE_DIR_PATH}/Podfile.lock",
				"${PODS_ROOT}/Manifest.lock",
			);
			name = "[CP] Check Pods Manifest.lock";
			outputFileListPaths = (
			);
			outputPaths = (
				"$(DERIVED_FILE_DIR)/Pods-POC_GithuAction-checkManifestLockResult.txt",
			);
			runOnlyForDeploymentPostprocessing = 0;
			shellPath = /bin/sh;
			shellScript = "diff \"${PODS_PODFILE_DIR_PATH}/Podfile.lock\" \"${PODS_ROOT}/Manifest.lock\" > /dev/null\nif [ $? != 0 ] ; then\n    # print error to STDERR\n    echo \"error: The sandbox is not in sync with the Podfile.lock. Run 'pod install' or update your CocoaPods installation.\" >&2\n    exit 1\nfi\n# This output is used by Xcode 'outputs' to avoid re-running this script phase.\necho \"SUCCESS\" > \"${SCRIPT_OUTPUT_FILE_0}\"\n";
			showEnvVarsInLog = 0;
		};
		D09BCD587A8AE26C6F74D536 /* [CP] Check Pods Manifest.lock */ = {
			isa = PBXShellScriptBuildPhase;
			buildActionMask = 2147483647;
			files = (
			);
			inputFileListPaths = (
			);
			inputPaths = (
				"${PODS_PODFILE_DIR_PATH}/Podfile.lock",
				"${PODS_ROOT}/Manifest.lock",
			);
			name = "[CP] Check Pods Manifest.lock";
			outputFileListPaths = (
			);
			outputPaths = (
				"$(DERIVED_FILE_DIR)/Pods-POC_GithuAction-POC_GithuActionUITests-checkManifestLockResult.txt",
			);
			runOnlyForDeploymentPostprocessing = 0;
			shellPath = /bin/sh;
			shellScript = "diff \"${PODS_PODFILE_DIR_PATH}/Podfile.lock\" \"${PODS_ROOT}/Manifest.lock\" > /dev/null\nif [ $? != 0 ] ; then\n    # print error to STDERR\n    echo \"error: The sandbox is not in sync with the Podfile.lock. Run 'pod install' or update your CocoaPods installation.\" >&2\n    exit 1\nfi\n# This output is used by Xcode 'outputs' to avoid re-running this script phase.\necho \"SUCCESS\" > \"${SCRIPT_OUTPUT_FILE_0}\"\n";
			showEnvVarsInLog = 0;
		};
/* End PBXShellScriptBuildPhase section */

/* Begin PBXSourcesBuildPhase section */
		2FB00275283CA14B0005D4C4 /* Sources */ = {
			isa = PBXSourcesBuildPhase;
			buildActionMask = 2147483647;
			files = (
				2FB0027F283CA14B0005D4C4 /* ContentView.swift in Sources */,
				2FB0027D283CA14B0005D4C4 /* POC_GithuActionApp.swift in Sources */,
			);
			runOnlyForDeploymentPostprocessing = 0;
		};
		2FB00285283CA1550005D4C4 /* Sources */ = {
			isa = PBXSourcesBuildPhase;
			buildActionMask = 2147483647;
			files = (
				2FB0028E283CA1550005D4C4 /* POC_GithuActionTests.swift in Sources */,
			);
			runOnlyForDeploymentPostprocessing = 0;
		};
		2FB0028F283CA1550005D4C4 /* Sources */ = {
			isa = PBXSourcesBuildPhase;
			buildActionMask = 2147483647;
			files = (
				2FB00298283CA1550005D4C4 /* POC_GithuActionUITests.swift in Sources */,
				2FB0029A283CA1550005D4C4 /* POC_GithuActionUITestsLaunchTests.swift in Sources */,
			);
			runOnlyForDeploymentPostprocessing = 0;
		};
/* End PBXSourcesBuildPhase section */

/* Begin PBXTargetDependency section */
		2FB0028B283CA1550005D4C4 /* PBXTargetDependency */ = {
			isa = PBXTargetDependency;
			target = 2FB00278283CA14B0005D4C4 /* POC_GithuAction */;
			targetProxy = 2FB0028A283CA1550005D4C4 /* PBXContainerItemProxy */;
		};
		2FB00295283CA1550005D4C4 /* PBXTargetDependency */ = {
			isa = PBXTargetDependency;
			target = 2FB00278283CA14B0005D4C4 /* POC_GithuAction */;
			targetProxy = 2FB00294283CA1550005D4C4 /* PBXContainerItemProxy */;
		};
/* End PBXTargetDependency section */

/* Begin XCBuildConfiguration section */
		2FB0029B283CA1550005D4C4 /* Debug */ = {
			isa = XCBuildConfiguration;
			buildSettings = {
				ALWAYS_SEARCH_USER_PATHS = NO;
				CLANG_ANALYZER_NONNULL = YES;
				CLANG_ANALYZER_NUMBER_OBJECT_CONVERSION = YES_AGGRESSIVE;
				CLANG_CXX_LANGUAGE_STANDARD = "gnu++17";
				CLANG_ENABLE_MODULES = YES;
				CLANG_ENABLE_OBJC_ARC = YES;
				CLANG_ENABLE_OBJC_WEAK = YES;
				CLANG_WARN_BLOCK_CAPTURE_AUTORELEASING = YES;
				CLANG_WARN_BOOL_CONVERSION = YES;
				CLANG_WARN_COMMA = YES;
				CLANG_WARN_CONSTANT_CONVERSION = YES;
				CLANG_WARN_DEPRECATED_OBJC_IMPLEMENTATIONS = YES;
				CLANG_WARN_DIRECT_OBJC_ISA_USAGE = YES_ERROR;
				CLANG_WARN_DOCUMENTATION_COMMENTS = YES;
				CLANG_WARN_EMPTY_BODY = YES;
				CLANG_WARN_ENUM_CONVERSION = YES;
				CLANG_WARN_INFINITE_RECURSION = YES;
				CLANG_WARN_INT_CONVERSION = YES;
				CLANG_WARN_NON_LITERAL_NULL_CONVERSION = YES;
				CLANG_WARN_OBJC_IMPLICIT_RETAIN_SELF = YES;
				CLANG_WARN_OBJC_LITERAL_CONVERSION = YES;
				CLANG_WARN_OBJC_ROOT_CLASS = YES_ERROR;
				CLANG_WARN_QUOTED_INCLUDE_IN_FRAMEWORK_HEADER = YES;
				CLANG_WARN_RANGE_LOOP_ANALYSIS = YES;
				CLANG_WARN_STRICT_PROTOTYPES = YES;
				CLANG_WARN_SUSPICIOUS_MOVE = YES;
				CLANG_WARN_UNGUARDED_AVAILABILITY = YES_AGGRESSIVE;
				CLANG_WARN_UNREACHABLE_CODE = YES;
				CLANG_WARN__DUPLICATE_METHOD_MATCH = YES;
				COPY_PHASE_STRIP = NO;
				DEBUG_INFORMATION_FORMAT = dwarf;
				ENABLE_STRICT_OBJC_MSGSEND = YES;
				ENABLE_TESTABILITY = YES;
				GCC_C_LANGUAGE_STANDARD = gnu11;
				GCC_DYNAMIC_NO_PIC = NO;
				GCC_NO_COMMON_BLOCKS = YES;
				GCC_OPTIMIZATION_LEVEL = 0;
				GCC_PREPROCESSOR_DEFINITIONS = (
					"DEBUG=1",
					"$(inherited)",
				);
				GCC_WARN_64_TO_32_BIT_CONVERSION = YES;
				GCC_WARN_ABOUT_RETURN_TYPE = YES_ERROR;
				GCC_WARN_UNDECLARED_SELECTOR = YES;
				GCC_WARN_UNINITIALIZED_AUTOS = YES_AGGRESSIVE;
				GCC_WARN_UNUSED_FUNCTION = YES;
				GCC_WARN_UNUSED_VARIABLE = YES;
				IPHONEOS_DEPLOYMENT_TARGET = 15.5;
				MTL_ENABLE_DEBUG_INFO = INCLUDE_SOURCE;
				MTL_FAST_MATH = YES;
				ONLY_ACTIVE_ARCH = YES;
				SDKROOT = iphoneos;
				SWIFT_ACTIVE_COMPILATION_CONDITIONS = DEBUG;
				SWIFT_OPTIMIZATION_LEVEL = "-Onone";
			};
			name = Debug;
		};
		2FB0029C283CA1550005D4C4 /* Release */ = {
			isa = XCBuildConfiguration;
			buildSettings = {
				ALWAYS_SEARCH_USER_PATHS = NO;
				CLANG_ANALYZER_NONNULL = YES;
				CLANG_ANALYZER_NUMBER_OBJECT_CONVERSION = YES_AGGRESSIVE;
				CLANG_CXX_LANGUAGE_STANDARD = "gnu++17";
				CLANG_ENABLE_MODULES = YES;
				CLANG_ENABLE_OBJC_ARC = YES;
				CLANG_ENABLE_OBJC_WEAK = YES;
				CLANG_WARN_BLOCK_CAPTURE_AUTORELEASING = YES;
				CLANG_WARN_BOOL_CONVERSION = YES;
				CLANG_WARN_COMMA = YES;
				CLANG_WARN_CONSTANT_CONVERSION = YES;
				CLANG_WARN_DEPRECATED_OBJC_IMPLEMENTATIONS = YES;
				CLANG_WARN_DIRECT_OBJC_ISA_USAGE = YES_ERROR;
				CLANG_WARN_DOCUMENTATION_COMMENTS = YES;
				CLANG_WARN_EMPTY_BODY = YES;
				CLANG_WARN_ENUM_CONVERSION = YES;
				CLANG_WARN_INFINITE_RECURSION = YES;
				CLANG_WARN_INT_CONVERSION = YES;
				CLANG_WARN_NON_LITERAL_NULL_CONVERSION = YES;
				CLANG_WARN_OBJC_IMPLICIT_RETAIN_SELF = YES;
				CLANG_WARN_OBJC_LITERAL_CONVERSION = YES;
				CLANG_WARN_OBJC_ROOT_CLASS = YES_ERROR;
				CLANG_WARN_QUOTED_INCLUDE_IN_FRAMEWORK_HEADER = YES;
				CLANG_WARN_RANGE_LOOP_ANALYSIS = YES;
				CLANG_WARN_STRICT_PROTOTYPES = YES;
				CLANG_WARN_SUSPICIOUS_MOVE = YES;
				CLANG_WARN_UNGUARDED_AVAILABILITY = YES_AGGRESSIVE;
				CLANG_WARN_UNREACHABLE_CODE = YES;
				CLANG_WARN__DUPLICATE_METHOD_MATCH = YES;
				COPY_PHASE_STRIP = NO;
				DEBUG_INFORMATION_FORMAT = "dwarf-with-dsym";
				ENABLE_NS_ASSERTIONS = NO;
				ENABLE_STRICT_OBJC_MSGSEND = YES;
				GCC_C_LANGUAGE_STANDARD = gnu11;
				GCC_NO_COMMON_BLOCKS = YES;
				GCC_WARN_64_TO_32_BIT_CONVERSION = YES;
				GCC_WARN_ABOUT_RETURN_TYPE = YES_ERROR;
				GCC_WARN_UNDECLARED_SELECTOR = YES;
				GCC_WARN_UNINITIALIZED_AUTOS = YES_AGGRESSIVE;
				GCC_WARN_UNUSED_FUNCTION = YES;
				GCC_WARN_UNUSED_VARIABLE = YES;
				IPHONEOS_DEPLOYMENT_TARGET = 15.5;
				MTL_ENABLE_DEBUG_INFO = NO;
				MTL_FAST_MATH = YES;
				SDKROOT = iphoneos;
				SWIFT_COMPILATION_MODE = wholemodule;
				SWIFT_OPTIMIZATION_LEVEL = "-O";
				VALIDATE_PRODUCT = YES;
			};
			name = Release;
		};
		2FB0029E283CA1550005D4C4 /* Debug */ = {
			isa = XCBuildConfiguration;
			baseConfigurationReference = 9050EDA13F9AC3DE15B5B2AC /* Pods-POC_GithuAction.debug.xcconfig */;
			buildSettings = {
				ASSETCATALOG_COMPILER_APPICON_NAME = AppIcon;
				ASSETCATALOG_COMPILER_GLOBAL_ACCENT_COLOR_NAME = AccentColor;
				CODE_SIGN_STYLE = Automatic;
				CURRENT_PROJECT_VERSION = 1;
				DEVELOPMENT_ASSET_PATHS = "\"POC_GithuAction/Preview Content\"";
				ENABLE_PREVIEWS = YES;
				GENERATE_INFOPLIST_FILE = YES;
				INFOPLIST_KEY_UIApplicationSceneManifest_Generation = YES;
				INFOPLIST_KEY_UIApplicationSupportsIndirectInputEvents = YES;
				INFOPLIST_KEY_UILaunchScreen_Generation = YES;
				INFOPLIST_KEY_UISupportedInterfaceOrientations_iPad = "UIInterfaceOrientationPortrait UIInterfaceOrientationPortraitUpsideDown UIInterfaceOrientationLandscapeLeft UIInterfaceOrientationLandscapeRight";
				INFOPLIST_KEY_UISupportedInterfaceOrientations_iPhone = "UIInterfaceOrientationPortrait UIInterfaceOrientationLandscapeLeft UIInterfaceOrientationLandscapeRight";
				LD_RUNPATH_SEARCH_PATHS = (
					"$(inherited)",
					"@executable_path/Frameworks",
				);
				MARKETING_VERSION = 1.0;
				PRODUCT_BUNDLE_IDENTIFIER = "com.lcci.POC-GithuAction";
				PRODUCT_NAME = "$(TARGET_NAME)";
				SWIFT_EMIT_LOC_STRINGS = YES;
				SWIFT_VERSION = 5.0;
				TARGETED_DEVICE_FAMILY = "1,2";
			};
			name = Debug;
		};
		2FB0029F283CA1550005D4C4 /* Release */ = {
			isa = XCBuildConfiguration;
			baseConfigurationReference = 7491EB4EF81587C259D78DBD /* Pods-POC_GithuAction.release.xcconfig */;
			buildSettings = {
				ASSETCATALOG_COMPILER_APPICON_NAME = AppIcon;
				ASSETCATALOG_COMPILER_GLOBAL_ACCENT_COLOR_NAME = AccentColor;
				CODE_SIGN_STYLE = Automatic;
				CURRENT_PROJECT_VERSION = 1;
				DEVELOPMENT_ASSET_PATHS = "\"POC_GithuAction/Preview Content\"";
				ENABLE_PREVIEWS = YES;
				GENERATE_INFOPLIST_FILE = YES;
				INFOPLIST_KEY_UIApplicationSceneManifest_Generation = YES;
				INFOPLIST_KEY_UIApplicationSupportsIndirectInputEvents = YES;
				INFOPLIST_KEY_UILaunchScreen_Generation = YES;
				INFOPLIST_KEY_UISupportedInterfaceOrientations_iPad = "UIInterfaceOrientationPortrait UIInterfaceOrientationPortraitUpsideDown UIInterfaceOrientationLandscapeLeft UIInterfaceOrientationLandscapeRight";
				INFOPLIST_KEY_UISupportedInterfaceOrientations_iPhone = "UIInterfaceOrientationPortrait UIInterfaceOrientationLandscapeLeft UIInterfaceOrientationLandscapeRight";
				LD_RUNPATH_SEARCH_PATHS = (
					"$(inherited)",
					"@executable_path/Frameworks",
				);
				MARKETING_VERSION = 1.0;
				PRODUCT_BUNDLE_IDENTIFIER = "com.lcci.POC-GithuAction";
				PRODUCT_NAME = "$(TARGET_NAME)";
				SWIFT_EMIT_LOC_STRINGS = YES;
				SWIFT_VERSION = 5.0;
				TARGETED_DEVICE_FAMILY = "1,2";
			};
			name = Release;
		};
		2FB002A1283CA1550005D4C4 /* Debug */ = {
			isa = XCBuildConfiguration;
			baseConfigurationReference = E77DE2AB958E31F9F999B703 /* Pods-POC_GithuActionTests.debug.xcconfig */;
			buildSettings = {
				ALWAYS_EMBED_SWIFT_STANDARD_LIBRARIES = YES;
				BUNDLE_LOADER = "$(TEST_HOST)";
				CODE_SIGN_STYLE = Automatic;
				CURRENT_PROJECT_VERSION = 1;
				GENERATE_INFOPLIST_FILE = YES;
				IPHONEOS_DEPLOYMENT_TARGET = 15.5;
				MARKETING_VERSION = 1.0;
				PRODUCT_BUNDLE_IDENTIFIER = "com.lcci.POC-GithuActionTests";
				PRODUCT_NAME = "$(TARGET_NAME)";
				SWIFT_EMIT_LOC_STRINGS = NO;
				SWIFT_VERSION = 5.0;
				TARGETED_DEVICE_FAMILY = "1,2";
				TEST_HOST = "$(BUILT_PRODUCTS_DIR)/POC_GithuAction.app/POC_GithuAction";
			};
			name = Debug;
		};
		2FB002A2283CA1550005D4C4 /* Release */ = {
			isa = XCBuildConfiguration;
			baseConfigurationReference = 3712886091F872ACB0360B18 /* Pods-POC_GithuActionTests.release.xcconfig */;
			buildSettings = {
				ALWAYS_EMBED_SWIFT_STANDARD_LIBRARIES = YES;
				BUNDLE_LOADER = "$(TEST_HOST)";
				CODE_SIGN_STYLE = Automatic;
				CURRENT_PROJECT_VERSION = 1;
				GENERATE_INFOPLIST_FILE = YES;
				IPHONEOS_DEPLOYMENT_TARGET = 15.5;
				MARKETING_VERSION = 1.0;
				PRODUCT_BUNDLE_IDENTIFIER = "com.lcci.POC-GithuActionTests";
				PRODUCT_NAME = "$(TARGET_NAME)";
				SWIFT_EMIT_LOC_STRINGS = NO;
				SWIFT_VERSION = 5.0;
				TARGETED_DEVICE_FAMILY = "1,2";
				TEST_HOST = "$(BUILT_PRODUCTS_DIR)/POC_GithuAction.app/POC_GithuAction";
			};
			name = Release;
		};
		2FB002A4283CA1550005D4C4 /* Debug */ = {
			isa = XCBuildConfiguration;
			baseConfigurationReference = 03592CFC053E44D4744D9808 /* Pods-POC_GithuAction-POC_GithuActionUITests.debug.xcconfig */;
			buildSettings = {
				ALWAYS_EMBED_SWIFT_STANDARD_LIBRARIES = YES;
				CODE_SIGN_STYLE = Automatic;
				CURRENT_PROJECT_VERSION = 1;
				GENERATE_INFOPLIST_FILE = YES;
				MARKETING_VERSION = 1.0;
				PRODUCT_BUNDLE_IDENTIFIER = "com.lcci.POC-GithuActionUITests";
				PRODUCT_NAME = "$(TARGET_NAME)";
				SWIFT_EMIT_LOC_STRINGS = NO;
				SWIFT_VERSION = 5.0;
				TARGETED_DEVICE_FAMILY = "1,2";
				TEST_TARGET_NAME = POC_GithuAction;
			};
			name = Debug;
		};
		2FB002A5283CA1550005D4C4 /* Release */ = {
			isa = XCBuildConfiguration;
			baseConfigurationReference = 2106B3AD305CA8B0E87CF007 /* Pods-POC_GithuAction-POC_GithuActionUITests.release.xcconfig */;
			buildSettings = {
				ALWAYS_EMBED_SWIFT_STANDARD_LIBRARIES = YES;
				CODE_SIGN_STYLE = Automatic;
				CURRENT_PROJECT_VERSION = 1;
				GENERATE_INFOPLIST_FILE = YES;
				MARKETING_VERSION = 1.0;
				PRODUCT_BUNDLE_IDENTIFIER = "com.lcci.POC-GithuActionUITests";
				PRODUCT_NAME = "$(TARGET_NAME)";
				SWIFT_EMIT_LOC_STRINGS = NO;
				SWIFT_VERSION = 5.0;
				TARGETED_DEVICE_FAMILY = "1,2";
				TEST_TARGET_NAME = POC_GithuAction;
			};
			name = Release;
		};
/* End XCBuildConfiguration section */

/* Begin XCConfigurationList section */
		2FB00274283CA14B0005D4C4 /* Build configuration list for PBXProject "POC_GithuAction" */ = {
			isa = XCConfigurationList;
			buildConfigurations = (
				2FB0029B283CA1550005D4C4 /* Debug */,
				2FB0029C283CA1550005D4C4 /* Release */,
			);
			defaultConfigurationIsVisible = 0;
			defaultConfigurationName = Release;
		};
		2FB0029D283CA1550005D4C4 /* Build configuration list for PBXNativeTarget "POC_GithuAction" */ = {
			isa = XCConfigurationList;
			buildConfigurations = (
				2FB0029E283CA1550005D4C4 /* Debug */,
				2FB0029F283CA1550005D4C4 /* Release */,
			);
			defaultConfigurationIsVisible = 0;
			defaultConfigurationName = Release;
		};
		2FB002A0283CA1550005D4C4 /* Build configuration list for PBXNativeTarget "POC_GithuActionTests" */ = {
			isa = XCConfigurationList;
			buildConfigurations = (
				2FB002A1283CA1550005D4C4 /* Debug */,
				2FB002A2283CA1550005D4C4 /* Release */,
			);
			defaultConfigurationIsVisible = 0;
			defaultConfigurationName = Release;
		};
		2FB002A3283CA1550005D4C4 /* Build configuration list for PBXNativeTarget "POC_GithuActionUITests" */ = {
			isa = XCConfigurationList;
			buildConfigurations = (
				2FB002A4283CA1550005D4C4 /* Debug */,
				2FB002A5283CA1550005D4C4 /* Release */,
			);
			defaultConfigurationIsVisible = 0;
			defaultConfigurationName = Release;
		};
/* End XCConfigurationList section */
	};
	rootObject = 2FB00271283CA14B0005D4C4 /* Project object */;
}
